
Microsoft Visual Studio Solution File, Format Version 12.00
# Visual Studio Version 17
VisualStudioVersion = 17.0.32014.148
MinimumVisualStudioVersion = 10.0.40219.1
Project("{FAE04EC0-301F-11D3-BF4B-00C04F79EFBC}") = "ScraperConsole", "scraperConsole\ScraperConsole.csproj", "{BDA6F790-0C1F-4D9E-8E29-90923019F1CD}"
EndProject
Project("{FAE04EC0-301F-11D3-BF4B-00C04F79EFBC}") = "ScraperFunction", "ScraperFunction\ScraperFunction.csproj", "{3B5E9231-07BB-49CA-969A-16BCF2370BA3}"
EndProject
Project("{FAE04EC0-301F-11D3-BF4B-00C04F79EFBC}") = "ScraperWorker", "ScraperWorker\ScraperWorker.csproj", "{08412C50-0D2F-4A2C-BCFC-DFD17FCFFF16}"
EndProject
Global
	GlobalSection(SolutionConfigurationPlatforms) = preSolution
		Debug|Any CPU = Debug|Any CPU
		Release|Any CPU = Release|Any CPU
	EndGlobalSection
	GlobalSection(ProjectConfigurationPlatforms) = postSolution
		{BDA6F790-0C1F-4D9E-8E29-90923019F1CD}.Debug|Any CPU.ActiveCfg = Debug|Any CPU
		{BDA6F790-0C1F-4D9E-8E29-90923019F1CD}.Debug|Any CPU.Build.0 = Debug|Any CPU
		{BDA6F790-0C1F-4D9E-8E29-90923019F1CD}.Release|Any CPU.ActiveCfg = Release|Any CPU
		{BDA6F790-0C1F-4D9E-8E29-90923019F1CD}.Release|Any CPU.Build.0 = Release|Any CPU
		{3B5E9231-07BB-49CA-969A-16BCF2370BA3}.Debug|Any CPU.ActiveCfg = Debug|Any CPU
		{3B5E9231-07BB-49CA-969A-16BCF2370BA3}.Debug|Any CPU.Build.0 = Debug|Any CPU
		{3B5E9231-07BB-49CA-969A-16BCF2370BA3}.Release|Any CPU.ActiveCfg = Release|Any CPU
		{3B5E9231-07BB-49CA-969A-16BCF2370BA3}.Release|Any CPU.Build.0 = Release|Any CPU
		{08412C50-0D2F-4A2C-BCFC-DFD17FCFFF16}.Debug|Any CPU.ActiveCfg = Debug|Any CPU
		{08412C50-0D2F-4A2C-BCFC-DFD17FCFFF16}.Debug|Any CPU.Build.0 = Debug|Any CPU
		{08412C50-0D2F-4A2C-BCFC-DFD17FCFFF16}.Release|Any CPU.ActiveCfg = Release|Any CPU
		{08412C50-0D2F-4A2C-BCFC-DFD17FCFFF16}.Release|Any CPU.Build.0 = Release|Any CPU
	EndGlobalSection
	GlobalSection(SolutionProperties) = preSolution
		HideSolutionNode = FALSE
	EndGlobalSection
	GlobalSection(ExtensibilityGlobals) = postSolution
		SolutionGuid = {56AF081C-EBFA-424E-8AC8-CEF2108D7013}
	EndGlobalSection
EndGlobal
